
Microsoft Visual Studio Solution File, Format Version 12.00
# Visual Studio Version 17
VisualStudioVersion = 17.10.35013.160
MinimumVisualStudioVersion = 10.0.40219.1
Project("{9A19103F-16F7-4668-BE54-9A1E7A4F7556}") = "CrudCadastroWeb", "CrudCadastroWeb\CrudCadastroWeb.csproj", "{C47492BC-C08A-47C4-A33D-28CD8E23F47B}"
EndProject
Global
	GlobalSection(SolutionConfigurationPlatforms) = preSolution
		Debug|Any CPU = Debug|Any CPU
		Release|Any CPU = Release|Any CPU
	EndGlobalSection
	GlobalSection(ProjectConfigurationPlatforms) = postSolution
		{C47492BC-C08A-47C4-A33D-28CD8E23F47B}.Debug|Any CPU.ActiveCfg = Debug|Any CPU
		{C47492BC-C08A-47C4-A33D-28CD8E23F47B}.Debug|Any CPU.Build.0 = Debug|Any CPU
		{C47492BC-C08A-47C4-A33D-28CD8E23F47B}.Release|Any CPU.ActiveCfg = Release|Any CPU
		{C47492BC-C08A-47C4-A33D-28CD8E23F47B}.Release|Any CPU.Build.0 = Release|Any CPU
	EndGlobalSection
	GlobalSection(SolutionProperties) = preSolution
		HideSolutionNode = FALSE
	EndGlobalSection
	GlobalSection(ExtensibilityGlobals) = postSolution
		SolutionGuid = {F687151A-6C15-4CF8-B7F3-3E9842394C80}
	EndGlobalSection
EndGlobal
